
Microsoft Visual Studio Solution File, Format Version 12.00
# Visual Studio 2013
VisualStudioVersion = 12.0.40629.0
MinimumVisualStudioVersion = 10.0.40219.1
Project("{8BC9CEB8-8B4A-11D0-8D11-00A0C91BC942}") = "GleeBug", "GleeBug\GleeBug.vcxproj", "{B65A3680-9B6B-44E6-A046-649F94DF9F56}"
EndProject
Project("{8BC9CEB8-8B4A-11D0-8D11-00A0C91BC942}") = "MyDebugger", "MyDebugger\MyDebugger.vcxproj", "{4083DE5A-582F-4B15-B6F0-CB866E66F8C4}"
	ProjectSection(ProjectDependencies) = postProject
		{B65A3680-9B6B-44E6-A046-649F94DF9F56} = {B65A3680-9B6B-44E6-A046-649F94DF9F56}
	EndProjectSection
EndProject
Project("{8BC9CEB8-8B4A-11D0-8D11-00A0C91BC942}") = "TitanEngineEmulator", "TitanEngineEmulator\TitanEngineEmulator.vcxproj", "{2790D540-B51E-48F1-B8E9-F14F2EEAA676}"
	ProjectSection(ProjectDependencies) = postProject
		{B65A3680-9B6B-44E6-A046-649F94DF9F56} = {B65A3680-9B6B-44E6-A046-649F94DF9F56}
	EndProjectSection
EndProject
Project("{8BC9CEB8-8B4A-11D0-8D11-00A0C91BC942}") = "StaticEngine", "StaticEngine\StaticEngine.vcxproj", "{8E0C7F46-89CC-4510-BC17-07513A31BC7E}"
EndProject
Project("{8BC9CEB8-8B4A-11D0-8D11-00A0C91BC942}") = "Gleam", "Gleam\Gleam.vcxproj", "{3E7A1B2C-9D4F-4A5B-8C6D-1E2F3A4B5C6D}"
	ProjectSection(ProjectDependencies) = postProject
		{B65A3680-9B6B-44E6-A046-649F94DF9F56} = {B65A3680-9B6B-44E6-A046-649F94DF9F56}
	EndProjectSection
EndProject
Project("{8BC9CEB8-8B4A-11D0-8D11-00A0C91BC942}") = "TestTarget", "TestTarget\TestTarget.vcxproj", "{5F1A2B3C-4D5E-4F6A-9B8C-7D6E5F4A3B2C}"
EndProject
Project("{8BC9CEB8-8B4A-11D0-8D11-00A0C91BC942}") = "ArgvTarget", "ArgvTarget\ArgvTarget.vcxproj", "{CD3F96C4-C552-43D3-ADEC-9CE05FE4DF29}"
EndProject
Project("{8BC9CEB8-8B4A-11D0-8D11-00A0C91BC942}") = "BoundaryTarget", "BoundaryTarget\BoundaryTarget.vcxproj", "{1C26501A-2AC1-4C75-9F72-992552374D0F}"
EndProject
Global
	GlobalSection(SolutionConfigurationPlatforms) = preSolution
		Debug|x64 = Debug|x64
		Release|x64 = Release|x64
	EndGlobalSection
	GlobalSection(ProjectConfigurationPlatforms) = postSolution
		{B65A3680-9B6B-44E6-A046-649F94DF9F56}.Debug|x64.ActiveCfg = Debug|x64
		{B65A3680-9B6B-44E6-A046-649F94DF9F56}.Debug|x64.Build.0 = Debug|x64
		{B65A3680-9B6B-44E6-A046-649F94DF9F56}.Release|x64.ActiveCfg = Release|x64
		{B65A3680-9B6B-44E6-A046-649F94DF9F56}.Release|x64.Build.0 = Release|x64
		{4083DE5A-582F-4B15-B6F0-CB866E66F8C4}.Debug|x64.ActiveCfg = Debug|x64
		{4083DE5A-582F-4B15-B6F0-CB866E66F8C4}.Debug|x64.Build.0 = Debug|x64
		{4083DE5A-582F-4B15-B6F0-CB866E66F8C4}.Release|x64.ActiveCfg = Release|x64
		{4083DE5A-582F-4B15-B6F0-CB866E66F8C4}.Release|x64.Build.0 = Release|x64
		{2790D540-B51E-48F1-B8E9-F14F2EEAA676}.Debug|x64.ActiveCfg = Debug|x64
		{2790D540-B51E-48F1-B8E9-F14F2EEAA676}.Debug|x64.Build.0 = Debug|x64
		{2790D540-B51E-48F1-B8E9-F14F2EEAA676}.Release|x64.ActiveCfg = Release|x64
		{2790D540-B51E-48F1-B8E9-F14F2EEAA676}.Release|x64.Build.0 = Release|x64
		{8E0C7F46-89CC-4510-BC17-07513A31BC7E}.Debug|x64.ActiveCfg = Debug|x64
		{8E0C7F46-89CC-4510-BC17-07513A31BC7E}.Debug|x64.Build.0 = Debug|x64
		{8E0C7F46-89CC-4510-BC17-07513A31BC7E}.Release|x64.ActiveCfg = Release|x64
		{8E0C7F46-89CC-4510-BC17-07513A31BC7E}.Release|x64.Build.0 = Release|x64
		{3E7A1B2C-9D4F-4A5B-8C6D-1E2F3A4B5C6D}.Debug|x64.ActiveCfg = Debug|x64
		{3E7A1B2C-9D4F-4A5B-8C6D-1E2F3A4B5C6D}.Debug|x64.Build.0 = Debug|x64
		{3E7A1B2C-9D4F-4A5B-8C6D-1E2F3A4B5C6D}.Release|x64.ActiveCfg = Release|x64
		{3E7A1B2C-9D4F-4A5B-8C6D-1E2F3A4B5C6D}.Release|x64.Build.0 = Release|x64
		{5F1A2B3C-4D5E-4F6A-9B8C-7D6E5F4A3B2C}.Debug|x64.ActiveCfg = Debug|x64
		{5F1A2B3C-4D5E-4F6A-9B8C-7D6E5F4A3B2C}.Debug|x64.Build.0 = Debug|x64
		{5F1A2B3C-4D5E-4F6A-9B8C-7D6E5F4A3B2C}.Release|x64.ActiveCfg = Release|x64
		{5F1A2B3C-4D5E-4F6A-9B8C-7D6E5F4A3B2C}.Release|x64.Build.0 = Release|x64
		{CD3F96C4-C552-43D3-ADEC-9CE05FE4DF29}.Debug|x64.ActiveCfg = Debug|x64
		{CD3F96C4-C552-43D3-ADEC-9CE05FE4DF29}.Debug|x64.Build.0 = Debug|x64
		{CD3F96C4-C552-43D3-ADEC-9CE05FE4DF29}.Release|x64.ActiveCfg = Release|x64
		{CD3F96C4-C552-43D3-ADEC-9CE05FE4DF29}.Release|x64.Build.0 = Release|x64
		{1C26501A-2AC1-4C75-9F72-992552374D0F}.Debug|x64.ActiveCfg = Debug|x64
		{1C26501A-2AC1-4C75-9F72-992552374D0F}.Debug|x64.Build.0 = Debug|x64
		{1C26501A-2AC1-4C75-9F72-992552374D0F}.Release|x64.ActiveCfg = Release|x64
		{1C26501A-2AC1-4C75-9F72-992552374D0F}.Release|x64.Build.0 = Release|x64
	EndGlobalSection
	GlobalSection(SolutionProperties) = preSolution
		HideSolutionNode = FALSE
	EndGlobalSection
	GlobalSection(ExtensibilityGlobals) = postSolution
		SolutionGuid = {0F087011-78BB-4D18-A1E5-69DD2B8BDEC3}
	EndGlobalSection
EndGlobal
