<?xml version="1.0" encoding="utf-8"?>
<Project ToolsVersion="4.0" xmlns="http://schemas.microsoft.com/developer/msbuild/2003">
  <ItemGroup>
    <ClCompile Include="GleamCommands.cpp">
      <Filter>Source Files</Filter>
    </ClCompile>
    <ClCompile Include="GleamDebugger.cpp">
      <Filter>Source Files</Filter>
    </ClCompile>
    <ClCompile Include="main.cpp">
      <Filter>Source Files</Filter>
    </ClCompile>
    <ClCompile Include="GleamCommands.Inspect.cpp">
      <Filter>Source Files</Filter>
    </ClCompile>
    <ClCompile Include="GleamCommands.Control.cpp">
      <Filter>Source Files</Filter>
    </ClCompile>
    <ClCompile Include="GleamCommands.Breakpoints.cpp">
      <Filter>Source Files</Filter>
    </ClCompile>
    <ClCompile Include="GleamCommands.Hide.cpp">
      <Filter>Source Files</Filter>
    </ClCompile>
    <ClCompile Include="GleamCommands.Scan.cpp">
      <Filter>Source Files</Filter>
    </ClCompile>
    <ClCompile Include="GleamCommands.Symbols.cpp">
      <Filter>Source Files</Filter>
    </ClCompile>
    <ClCompile Include="GleamCommands.Expr.cpp">
      <Filter>Source Files</Filter>
    </ClCompile>
    <ClCompile Include="BreakpointManager.cpp">
      <Filter>Source Files</Filter>
    </ClCompile>
    <ClCompile Include="Error.cpp">
      <Filter>Source Files</Filter>
    </ClCompile>
    <ClCompile Include="GleamIltCache.cpp">
      <Filter>Source Files</Filter>
    </ClCompile>
    <ClCompile Include="GleamIltDisambiguation.cpp">
      <Filter>Source Files</Filter>
    </ClCompile>
    <ClCompile Include="GleamSymbolCache.cpp">
      <Filter>Source Files</Filter>
    </ClCompile>
    <ClCompile Include="History.cpp">
      <Filter>Source Files</Filter>
    </ClCompile>
    <ClCompile Include="Logger.cpp">
      <Filter>Source Files</Filter>
    </ClCompile>
    <ClCompile Include="Memory.cpp">
      <Filter>Source Files</Filter>
    </ClCompile>
    <ClCompile Include="PerfMonitor.cpp">
      <Filter>Source Files</Filter>
    </ClCompile>
    <ClCompile Include="Performance.cpp">
      <Filter>Source Files</Filter>
    </ClCompile>
    <ClCompile Include="ProcessManager.cpp">
      <Filter>Source Files</Filter>
    </ClCompile>
    <ClCompile Include="SymbolResolver.cpp">
      <Filter>Source Files</Filter>
    </ClCompile>
  </ItemGroup>
  <ItemGroup>
    <Filter Include="Header Files">
      <UniqueIdentifier>{0e1a4b30-2163-419e-b428-2e2a33ed4a5a}</UniqueIdentifier>
    </Filter>
    <Filter Include="Source Files">
      <UniqueIdentifier>{8726e60c-8ce9-4a11-9dfd-ffc586012eec}</UniqueIdentifier>
    </Filter>
  </ItemGroup>
  <ItemGroup>
    <ClInclude Include="GleamDebugger.h">
      <Filter>Header Files</Filter>
    </ClInclude>
    <ClInclude Include="BreakpointManager.h">
      <Filter>Source Files</Filter>
    </ClInclude>
    <ClInclude Include="Constants.h">
      <Filter>Source Files</Filter>
    </ClInclude>
    <ClInclude Include="Error.h">
      <Filter>Source Files</Filter>
    </ClInclude>
    <ClInclude Include="Exception.h">
      <Filter>Source Files</Filter>
    </ClInclude>
    <ClInclude Include="History.h">
      <Filter>Source Files</Filter>
    </ClInclude>
    <ClInclude Include="Log.h">
      <Filter>Source Files</Filter>
    </ClInclude>
    <ClInclude Include="Logger.h">
      <Filter>Source Files</Filter>
    </ClInclude>
    <ClInclude Include="Memory.h">
      <Filter>Source Files</Filter>
    </ClInclude>
    <ClInclude Include="PerfMonitor.h">
      <Filter>Source Files</Filter>
    </ClInclude>
    <ClInclude Include="Performance.h">
      <Filter>Source Files</Filter>
    </ClInclude>
    <ClInclude Include="ProcessManager.h">
      <Filter>Source Files</Filter>
    </ClInclude>
    <ClInclude Include="RaiiUtils.h">
      <Filter>Source Files</Filter>
    </ClInclude>
    <ClInclude Include="SymbolResolver.h">
      <Filter>Source Files</Filter>
    </ClInclude>
    <ClInclude Include="ThreadSafety.h">
      <Filter>Source Files</Filter>
    </ClInclude>
  </ItemGroup>
</Project>